
Microsoft Visual Studio Solution File, Format Version 12.00
# Visual Studio Version 17
VisualStudioVersion = 17.6.33829.357
MinimumVisualStudioVersion = 10.0.40219.1
Project("{FAE04EC0-301F-11D3-BF4B-00C04F79EFBC}") = "NewCalculadora", "NewCalculadora.csproj", "{1E94B6F6-2B90-4F5E-82FD-39F9AD88C6F4}"
EndProject
Global
	GlobalSection(SolutionConfigurationPlatforms) = preSolution
		Debug|Any CPU = Debug|Any CPU
		Release|Any CPU = Release|Any CPU
	EndGlobalSection
	GlobalSection(ProjectConfigurationPlatforms) = postSolution
		{1E94B6F6-2B90-4F5E-82FD-39F9AD88C6F4}.Debug|Any CPU.ActiveCfg = Debug|Any CPU
		{1E94B6F6-2B90-4F5E-82FD-39F9AD88C6F4}.Debug|Any CPU.Build.0 = Debug|Any CPU
		{1E94B6F6-2B90-4F5E-82FD-39F9AD88C6F4}.Release|Any CPU.ActiveCfg = Release|Any CPU
		{1E94B6F6-2B90-4F5E-82FD-39F9AD88C6F4}.Release|Any CPU.Build.0 = Release|Any CPU
	EndGlobalSection
	GlobalSection(SolutionProperties) = preSolution
		HideSolutionNode = FALSE
	EndGlobalSection
	GlobalSection(ExtensibilityGlobals) = postSolution
		SolutionGuid = {C0EE2563-59C5-4944-A485-E1FF74546BF9}
	EndGlobalSection
EndGlobal
